
Microsoft Visual Studio Solution File, Format Version 12.00
# Visual Studio Version 16
VisualStudioVersion = 16.0.30320.27
MinimumVisualStudioVersion = 10.0.40219.1
Project("{FAE04EC0-301F-11D3-BF4B-00C04F79EFBC}") = "DarkSoulsScripting", "DarkSoulsScripting\DarkSoulsScripting.csproj", "{4EEF2FFB-9E6F-490E-B8D0-19C10451B461}"
EndProject
Project("{8BC9CEB8-8B4A-11D0-8D11-00A0C91BC942}") = "DssWrapper", "DssWrapper\DssWrapper.vcxproj", "{1042A6C2-7AA9-43A5-A325-DEDE24C38EAC}"
EndProject
Project("{8BC9CEB8-8B4A-11D0-8D11-00A0C91BC942}") = "DssCppApp", "DssCppApp\DssCppApp.vcxproj", "{452982C5-C2C2-4D6D-9B51-789BF0EB4131}"
	ProjectSection(ProjectDependencies) = postProject
		{1042A6C2-7AA9-43A5-A325-DEDE24C38EAC} = {1042A6C2-7AA9-43A5-A325-DEDE24C38EAC}
		{4EEF2FFB-9E6F-490E-B8D0-19C10451B461} = {4EEF2FFB-9E6F-490E-B8D0-19C10451B461}
	EndProjectSection
EndProject
Global
	GlobalSection(SolutionConfigurationPlatforms) = preSolution
		Debug|x64 = Debug|x64
		Release|x64 = Release|x64
	EndGlobalSection
	GlobalSection(ProjectConfigurationPlatforms) = postSolution
		{4EEF2FFB-9E6F-490E-B8D0-19C10451B461}.Debug|x64.ActiveCfg = Debug|Any CPU
		{4EEF2FFB-9E6F-490E-B8D0-19C10451B461}.Debug|x64.Build.0 = Debug|Any CPU
		{4EEF2FFB-9E6F-490E-B8D0-19C10451B461}.Release|x64.ActiveCfg = Release|Any CPU
		{4EEF2FFB-9E6F-490E-B8D0-19C10451B461}.Release|x64.Build.0 = Release|Any CPU
		{1042A6C2-7AA9-43A5-A325-DEDE24C38EAC}.Debug|x64.ActiveCfg = Debug|x64
		{1042A6C2-7AA9-43A5-A325-DEDE24C38EAC}.Debug|x64.Build.0 = Debug|x64
		{1042A6C2-7AA9-43A5-A325-DEDE24C38EAC}.Release|x64.ActiveCfg = Release|x64
		{1042A6C2-7AA9-43A5-A325-DEDE24C38EAC}.Release|x64.Build.0 = Release|x64
		{452982C5-C2C2-4D6D-9B51-789BF0EB4131}.Debug|x64.ActiveCfg = Debug|x64
		{452982C5-C2C2-4D6D-9B51-789BF0EB4131}.Debug|x64.Build.0 = Debug|x64
		{452982C5-C2C2-4D6D-9B51-789BF0EB4131}.Release|x64.ActiveCfg = Release|x64
		{452982C5-C2C2-4D6D-9B51-789BF0EB4131}.Release|x64.Build.0 = Release|x64
	EndGlobalSection
	GlobalSection(SolutionProperties) = preSolution
		HideSolutionNode = FALSE
	EndGlobalSection
	GlobalSection(ExtensibilityGlobals) = postSolution
		SolutionGuid = {DBCD9733-E3DB-4D62-8D03-48DF8B0D4B44}
	EndGlobalSection
EndGlobal
